
Microsoft Visual Studio Solution File, Format Version 12.00
# Visual Studio Version 17
VisualStudioVersion = 17.6.33829.357
MinimumVisualStudioVersion = 10.0.40219.1
Project("{FAE04EC0-301F-11D3-BF4B-00C04F79EFBC}") = "MinimalAPI", "MinimalAPI\MinimalAPI.csproj", "{7FF7DA1F-B004-461D-834D-8AF4D90DE86D}"
EndProject
Project("{FAE04EC0-301F-11D3-BF4B-00C04F79EFBC}") = "DataAccess", "DataAccess\DataAccess.csproj", "{238D7913-7EF8-4918-B7D5-ACFE6EDC4670}"
EndProject
Global
	GlobalSection(SolutionConfigurationPlatforms) = preSolution
		Debug|Any CPU = Debug|Any CPU
		Release|Any CPU = Release|Any CPU
	EndGlobalSection
	GlobalSection(ProjectConfigurationPlatforms) = postSolution
		{7FF7DA1F-B004-461D-834D-8AF4D90DE86D}.Debug|Any CPU.ActiveCfg = Debug|Any CPU
		{7FF7DA1F-B004-461D-834D-8AF4D90DE86D}.Debug|Any CPU.Build.0 = Debug|Any CPU
		{7FF7DA1F-B004-461D-834D-8AF4D90DE86D}.Release|Any CPU.ActiveCfg = Release|Any CPU
		{7FF7DA1F-B004-461D-834D-8AF4D90DE86D}.Release|Any CPU.Build.0 = Release|Any CPU
		{238D7913-7EF8-4918-B7D5-ACFE6EDC4670}.Debug|Any CPU.ActiveCfg = Debug|Any CPU
		{238D7913-7EF8-4918-B7D5-ACFE6EDC4670}.Debug|Any CPU.Build.0 = Debug|Any CPU
		{238D7913-7EF8-4918-B7D5-ACFE6EDC4670}.Release|Any CPU.ActiveCfg = Release|Any CPU
		{238D7913-7EF8-4918-B7D5-ACFE6EDC4670}.Release|Any CPU.Build.0 = Release|Any CPU
	EndGlobalSection
	GlobalSection(SolutionProperties) = preSolution
		HideSolutionNode = FALSE
	EndGlobalSection
	GlobalSection(ExtensibilityGlobals) = postSolution
		SolutionGuid = {2A11E355-A04F-4CB1-904E-8E5244976FC1}
	EndGlobalSection
EndGlobal
